// !$*UTF8*$!
{
	archiveVersion = 1;
	classes = {
	};
	objectVersion = 56;
	objects = {

/* Begin PBXBuildFile section */
		B2C3F2D7578F7194552C848E /* Pods_KakaoClone.framework in Frameworks */ = {isa = PBXBuildFile; fileRef = 9454EADA26FE7BED7ABAE96A /* Pods_KakaoClone.framework */; };
		CF04D17B2AECC8F800D0F56B /* FriendCard.swift in Sources */ = {isa = PBXBuildFile; fileRef = CF04D17A2AECC8F800D0F56B /* FriendCard.swift */; };
		CF04D17D2AECDBDF00D0F56B /* FriendsResponse.swift in Sources */ = {isa = PBXBuildFile; fileRef = CF04D17C2AECDBDF00D0F56B /* FriendsResponse.swift */; };
		CF04D17F2AED090900D0F56B /* FriendDetailViewController.swift in Sources */ = {isa = PBXBuildFile; fileRef = CF04D17E2AED090900D0F56B /* FriendDetailViewController.swift */; };
		CF04D1812AED0A0C00D0F56B /* ProfileActionButton.swift in Sources */ = {isa = PBXBuildFile; fileRef = CF04D1802AED0A0C00D0F56B /* ProfileActionButton.swift */; };
		CF04D1832AED0F4000D0F56B /* ProfileView.swift in Sources */ = {isa = PBXBuildFile; fileRef = CF04D1822AED0F4000D0F56B /* ProfileView.swift */; };
		CF04D1852AED123000D0F56B /* UIColor.swift in Sources */ = {isa = PBXBuildFile; fileRef = CF04D1842AED123000D0F56B /* UIColor.swift */; };
		CF04D1882AED125300D0F56B /* ThemeColor.swift in Sources */ = {isa = PBXBuildFile; fileRef = CF04D1872AED125300D0F56B /* ThemeColor.swift */; };
		CF04D18B2AED125B00D0F56B /* ThemeFont.swift in Sources */ = {isa = PBXBuildFile; fileRef = CF04D18A2AED125B00D0F56B /* ThemeFont.swift */; };
		CF04D18D2AED136F00D0F56B /* FriendDetailViewModel.swift in Sources */ = {isa = PBXBuildFile; fileRef = CF04D18C2AED136F00D0F56B /* FriendDetailViewModel.swift */; };
		CF159A2E2AF7998B00F687FE /* APIServiceType.swift in Sources */ = {isa = PBXBuildFile; fileRef = CF159A2D2AF7998B00F687FE /* APIServiceType.swift */; };
		CF159A302AF79AE900F687FE /* SocketService.swift in Sources */ = {isa = PBXBuildFile; fileRef = CF159A2F2AF79AE900F687FE /* SocketService.swift */; };
		CF159A352AF7CE4800F687FE /* String.swift in Sources */ = {isa = PBXBuildFile; fileRef = CF159A342AF7CE4800F687FE /* String.swift */; };
		CF1848442AEBA28E0020F848 /* FriendListViewController.swift in Sources */ = {isa = PBXBuildFile; fileRef = CF1848432AEBA28E0020F848 /* FriendListViewController.swift */; };
		CF1848462AEBA3050020F848 /* MainTabViewController.swift in Sources */ = {isa = PBXBuildFile; fileRef = CF1848452AEBA3050020F848 /* MainTabViewController.swift */; };
		CF1848482AEBA3BF0020F848 /* ChatListViewController.swift in Sources */ = {isa = PBXBuildFile; fileRef = CF1848472AEBA3BF0020F848 /* ChatListViewController.swift */; };
		CF18484A2AEBA7D00020F848 /* MainViewModel.swift in Sources */ = {isa = PBXBuildFile; fileRef = CF1848492AEBA7D00020F848 /* MainViewModel.swift */; };
		CF1848522AEBBA540020F848 /* FriendListViewModel.swift in Sources */ = {isa = PBXBuildFile; fileRef = CF1848512AEBBA540020F848 /* FriendListViewModel.swift */; };
		CF1848542AEBBFD70020F848 /* FriendCell.swift in Sources */ = {isa = PBXBuildFile; fileRef = CF1848532AEBBFD70020F848 /* FriendCell.swift */; };
		CF1848562AEBC50C0020F848 /* FriendListSection.swift in Sources */ = {isa = PBXBuildFile; fileRef = CF1848552AEBC50C0020F848 /* FriendListSection.swift */; };
		CF43D2092AEE4DDD007C8AC6 /* UnderlineLabel.swift in Sources */ = {isa = PBXBuildFile; fileRef = CF43D2082AEE4DDD007C8AC6 /* UnderlineLabel.swift */; };
		CF43D20B2AEE5929007C8AC6 /* EditDetailViewController.swift in Sources */ = {isa = PBXBuildFile; fileRef = CF43D20A2AEE5929007C8AC6 /* EditDetailViewController.swift */; };
		CF45ECD52AF263DF00CE8F7D /* ChatInputField.swift in Sources */ = {isa = PBXBuildFile; fileRef = CF45ECD42AF263DF00CE8F7D /* ChatInputField.swift */; };
		CF45ECD72AF3479500CE8F7D /* ChatMessage.swift in Sources */ = {isa = PBXBuildFile; fileRef = CF45ECD62AF3479500CE8F7D /* ChatMessage.swift */; };
		CF7322922AF63E4200621EFE /* ChatService.swift in Sources */ = {isa = PBXBuildFile; fileRef = CF7322912AF63E4200621EFE /* ChatService.swift */; };
		CF7322942AF64C7300621EFE /* Router.swift in Sources */ = {isa = PBXBuildFile; fileRef = CF7322932AF64C7300621EFE /* Router.swift */; };
		CF7322962AF64C8A00621EFE /* APIType.swift in Sources */ = {isa = PBXBuildFile; fileRef = CF7322952AF64C8A00621EFE /* APIType.swift */; };
		CF7F7C992AF0DB2700EED0C7 /* ChatViewController.swift in Sources */ = {isa = PBXBuildFile; fileRef = CF7F7C982AF0DB2700EED0C7 /* ChatViewController.swift */; };
		CF7F7C9D2AF1034700EED0C7 /* ChatViewModel.swift in Sources */ = {isa = PBXBuildFile; fileRef = CF7F7C9C2AF1034700EED0C7 /* ChatViewModel.swift */; };
		CF7F7CA02AF103D800EED0C7 /* MyMessageCell.swift in Sources */ = {isa = PBXBuildFile; fileRef = CF7F7C9F2AF103D800EED0C7 /* MyMessageCell.swift */; };
		CF7F7CA22AF1041100EED0C7 /* OtherMessageCell.swift in Sources */ = {isa = PBXBuildFile; fileRef = CF7F7CA12AF1041100EED0C7 /* OtherMessageCell.swift */; };
		CF7F7CA42AF1044700EED0C7 /* MyImageCell.swift in Sources */ = {isa = PBXBuildFile; fileRef = CF7F7CA32AF1044700EED0C7 /* MyImageCell.swift */; };
		CF7F7CA62AF1045C00EED0C7 /* OtherImageCell.swift in Sources */ = {isa = PBXBuildFile; fileRef = CF7F7CA52AF1045C00EED0C7 /* OtherImageCell.swift */; };
		CF7F7CA92AF11B1A00EED0C7 /* Date.swift in Sources */ = {isa = PBXBuildFile; fileRef = CF7F7CA82AF11B1A00EED0C7 /* Date.swift */; };
		CF92D5F02AECB740003681EB /* AddFriendViewController.swift in Sources */ = {isa = PBXBuildFile; fileRef = CF92D5EF2AECB740003681EB /* AddFriendViewController.swift */; };
		CF92D5F22AECC207003681EB /* AddFriendViewModel.swift in Sources */ = {isa = PBXBuildFile; fileRef = CF92D5F12AECC207003681EB /* AddFriendViewModel.swift */; };
		CFACC4AF2AEA968900F82081 /* UIViewController.swift in Sources */ = {isa = PBXBuildFile; fileRef = CFACC4AE2AEA968900F82081 /* UIViewController.swift */; };
		CFACC4B22AEA98EC00F82081 /* LoadingButton.swift in Sources */ = {isa = PBXBuildFile; fileRef = CFACC4B12AEA98EC00F82081 /* LoadingButton.swift */; };
		CFACC4B42AEA9FA300F82081 /* APIState.swift in Sources */ = {isa = PBXBuildFile; fileRef = CFACC4B32AEA9FA300F82081 /* APIState.swift */; };
		CFDE84222AF9208F00137F00 /* ChatType.swift in Sources */ = {isa = PBXBuildFile; fileRef = CFDE84212AF9208F00137F00 /* ChatType.swift */; };
		CFDE84242AF923DF00137F00 /* ChatRoom.swift in Sources */ = {isa = PBXBuildFile; fileRef = CFDE84232AF923DF00137F00 /* ChatRoom.swift */; };
		CFF8B1462AEA46B4003CC800 /* AppDelegate.swift in Sources */ = {isa = PBXBuildFile; fileRef = CFF8B1452AEA46B4003CC800 /* AppDelegate.swift */; };
		CFF8B1482AEA46B4003CC800 /* SceneDelegate.swift in Sources */ = {isa = PBXBuildFile; fileRef = CFF8B1472AEA46B4003CC800 /* SceneDelegate.swift */; };
		CFF8B14F2AEA46B4003CC800 /* Assets.xcassets in Resources */ = {isa = PBXBuildFile; fileRef = CFF8B14E2AEA46B4003CC800 /* Assets.xcassets */; };
		CFF8B1522AEA46B4003CC800 /* LaunchScreen.storyboard in Resources */ = {isa = PBXBuildFile; fileRef = CFF8B1502AEA46B4003CC800 /* LaunchScreen.storyboard */; };
		CFF8B15F2AEA4755003CC800 /* LoginViewController.swift in Sources */ = {isa = PBXBuildFile; fileRef = CFF8B15E2AEA4755003CC800 /* LoginViewController.swift */; };
		CFF8B1632AEA476D003CC800 /* SignUpViewController.swift in Sources */ = {isa = PBXBuildFile; fileRef = CFF8B1622AEA476D003CC800 /* SignUpViewController.swift */; };
		CFF8B1662AEA47A9003CC800 /* Constants.swift in Sources */ = {isa = PBXBuildFile; fileRef = CFF8B1652AEA47A9003CC800 /* Constants.swift */; };
		CFF8B17D2AEA5431003CC800 /* LoginViewModel.swift in Sources */ = {isa = PBXBuildFile; fileRef = CFF8B17C2AEA5431003CC800 /* LoginViewModel.swift */; };
		CFF8B1802AEA59DC003CC800 /* Reactive.swift in Sources */ = {isa = PBXBuildFile; fileRef = CFF8B17F2AEA59DC003CC800 /* Reactive.swift */; };
		CFF8B1822AEA5EDF003CC800 /* UnderlineTextField.swift in Sources */ = {isa = PBXBuildFile; fileRef = CFF8B1812AEA5EDF003CC800 /* UnderlineTextField.swift */; };
		CFF8B1842AEA71CC003CC800 /* SignUpViewModel.swift in Sources */ = {isa = PBXBuildFile; fileRef = CFF8B1832AEA71CC003CC800 /* SignUpViewModel.swift */; };
		CFF8B1862AEA78F9003CC800 /* User.swift in Sources */ = {isa = PBXBuildFile; fileRef = CFF8B1852AEA78F9003CC800 /* User.swift */; };
		CFF8B1882AEA7DDD003CC800 /* AuthService.swift in Sources */ = {isa = PBXBuildFile; fileRef = CFF8B1872AEA7DDD003CC800 /* AuthService.swift */; };
		CFF8B18A2AEA7F4B003CC800 /* APIError.swift in Sources */ = {isa = PBXBuildFile; fileRef = CFF8B1892AEA7F4B003CC800 /* APIError.swift */; };
		CFF8B18C2AEA7FC4003CC800 /* AuthResponse.swift in Sources */ = {isa = PBXBuildFile; fileRef = CFF8B18B2AEA7FC4003CC800 /* AuthResponse.swift */; };
/* End PBXBuildFile section */

/* Begin PBXFileReference section */
		390C0FC0205F5E7DE3A42A4A /* Pods-KakaoClone.release.xcconfig */ = {isa = PBXFileReference; includeInIndex = 1; lastKnownFileType = text.xcconfig; name = "Pods-KakaoClone.release.xcconfig"; path = "Target Support Files/Pods-KakaoClone/Pods-KakaoClone.release.xcconfig"; sourceTree = "<group>"; };
		9454EADA26FE7BED7ABAE96A /* Pods_KakaoClone.framework */ = {isa = PBXFileReference; explicitFileType = wrapper.framework; includeInIndex = 0; path = Pods_KakaoClone.framework; sourceTree = BUILT_PRODUCTS_DIR; };
		AD200CCB53EA98BF2A1599D6 /* Pods-KakaoClone.debug.xcconfig */ = {isa = PBXFileReference; includeInIndex = 1; lastKnownFileType = text.xcconfig; name = "Pods-KakaoClone.debug.xcconfig"; path = "Target Support Files/Pods-KakaoClone/Pods-KakaoClone.debug.xcconfig"; sourceTree = "<group>"; };
		CF04D17A2AECC8F800D0F56B /* FriendCard.swift */ = {isa = PBXFileReference; lastKnownFileType = sourcecode.swift; path = FriendCard.swift; sourceTree = "<group>"; };
		CF04D17C2AECDBDF00D0F56B /* FriendsResponse.swift */ = {isa = PBXFileReference; lastKnownFileType = sourcecode.swift; path = FriendsResponse.swift; sourceTree = "<group>"; };
		CF04D17E2AED090900D0F56B /* FriendDetailViewController.swift */ = {isa = PBXFileReference; lastKnownFileType = sourcecode.swift; path = FriendDetailViewController.swift; sourceTree = "<group>"; };
		CF04D1802AED0A0C00D0F56B /* ProfileActionButton.swift */ = {isa = PBXFileReference; lastKnownFileType = sourcecode.swift; path = ProfileActionButton.swift; sourceTree = "<group>"; };
		CF04D1822AED0F4000D0F56B /* ProfileView.swift */ = {isa = PBXFileReference; lastKnownFileType = sourcecode.swift; path = ProfileView.swift; sourceTree = "<group>"; };
		CF04D1842AED123000D0F56B /* UIColor.swift */ = {isa = PBXFileReference; lastKnownFileType = sourcecode.swift; path = UIColor.swift; sourceTree = "<group>"; };
		CF04D1872AED125300D0F56B /* ThemeColor.swift */ = {isa = PBXFileReference; lastKnownFileType = sourcecode.swift; path = ThemeColor.swift; sourceTree = "<group>"; };
		CF04D18A2AED125B00D0F56B /* ThemeFont.swift */ = {isa = PBXFileReference; lastKnownFileType = sourcecode.swift; path = ThemeFont.swift; sourceTree = "<group>"; };
		CF04D18C2AED136F00D0F56B /* FriendDetailViewModel.swift */ = {isa = PBXFileReference; lastKnownFileType = sourcecode.swift; path = FriendDetailViewModel.swift; sourceTree = "<group>"; };
		CF159A2D2AF7998B00F687FE /* APIServiceType.swift */ = {isa = PBXFileReference; lastKnownFileType = sourcecode.swift; path = APIServiceType.swift; sourceTree = "<group>"; };
		CF159A2F2AF79AE900F687FE /* SocketService.swift */ = {isa = PBXFileReference; lastKnownFileType = sourcecode.swift; path = SocketService.swift; sourceTree = "<group>"; };
		CF159A342AF7CE4800F687FE /* String.swift */ = {isa = PBXFileReference; lastKnownFileType = sourcecode.swift; path = String.swift; sourceTree = "<group>"; };
		CF1848432AEBA28E0020F848 /* FriendListViewController.swift */ = {isa = PBXFileReference; lastKnownFileType = sourcecode.swift; path = FriendListViewController.swift; sourceTree = "<group>"; };
		CF1848452AEBA3050020F848 /* MainTabViewController.swift */ = {isa = PBXFileReference; lastKnownFileType = sourcecode.swift; path = MainTabViewController.swift; sourceTree = "<group>"; };
		CF1848472AEBA3BF0020F848 /* ChatListViewController.swift */ = {isa = PBXFileReference; lastKnownFileType = sourcecode.swift; path = ChatListViewController.swift; sourceTree = "<group>"; };
		CF1848492AEBA7D00020F848 /* MainViewModel.swift */ = {isa = PBXFileReference; lastKnownFileType = sourcecode.swift; path = MainViewModel.swift; sourceTree = "<group>"; };
		CF1848512AEBBA540020F848 /* FriendListViewModel.swift */ = {isa = PBXFileReference; lastKnownFileType = sourcecode.swift; path = FriendListViewModel.swift; sourceTree = "<group>"; };
		CF1848532AEBBFD70020F848 /* FriendCell.swift */ = {isa = PBXFileReference; lastKnownFileType = sourcecode.swift; path = FriendCell.swift; sourceTree = "<group>"; };
		CF1848552AEBC50C0020F848 /* FriendListSection.swift */ = {isa = PBXFileReference; lastKnownFileType = sourcecode.swift; path = FriendListSection.swift; sourceTree = "<group>"; };
		CF43D2082AEE4DDD007C8AC6 /* UnderlineLabel.swift */ = {isa = PBXFileReference; lastKnownFileType = sourcecode.swift; path = UnderlineLabel.swift; sourceTree = "<group>"; };
		CF43D20A2AEE5929007C8AC6 /* EditDetailViewController.swift */ = {isa = PBXFileReference; lastKnownFileType = sourcecode.swift; path = EditDetailViewController.swift; sourceTree = "<group>"; };
		CF45ECD42AF263DF00CE8F7D /* ChatInputField.swift */ = {isa = PBXFileReference; lastKnownFileType = sourcecode.swift; path = ChatInputField.swift; sourceTree = "<group>"; };
		CF45ECD62AF3479500CE8F7D /* ChatMessage.swift */ = {isa = PBXFileReference; lastKnownFileType = sourcecode.swift; path = ChatMessage.swift; sourceTree = "<group>"; };
		CF7322912AF63E4200621EFE /* ChatService.swift */ = {isa = PBXFileReference; lastKnownFileType = sourcecode.swift; path = ChatService.swift; sourceTree = "<group>"; };
		CF7322932AF64C7300621EFE /* Router.swift */ = {isa = PBXFileReference; lastKnownFileType = sourcecode.swift; path = Router.swift; sourceTree = "<group>"; };
		CF7322952AF64C8A00621EFE /* APIType.swift */ = {isa = PBXFileReference; lastKnownFileType = sourcecode.swift; path = APIType.swift; sourceTree = "<group>"; };
		CF7F7C982AF0DB2700EED0C7 /* ChatViewController.swift */ = {isa = PBXFileReference; lastKnownFileType = sourcecode.swift; path = ChatViewController.swift; sourceTree = "<group>"; };
		CF7F7C9C2AF1034700EED0C7 /* ChatViewModel.swift */ = {isa = PBXFileReference; lastKnownFileType = sourcecode.swift; path = ChatViewModel.swift; sourceTree = "<group>"; };
		CF7F7C9F2AF103D800EED0C7 /* MyMessageCell.swift */ = {isa = PBXFileReference; lastKnownFileType = sourcecode.swift; path = MyMessageCell.swift; sourceTree = "<group>"; };
		CF7F7CA12AF1041100EED0C7 /* OtherMessageCell.swift */ = {isa = PBXFileReference; lastKnownFileType = sourcecode.swift; path = OtherMessageCell.swift; sourceTree = "<group>"; };
		CF7F7CA32AF1044700EED0C7 /* MyImageCell.swift */ = {isa = PBXFileReference; lastKnownFileType = sourcecode.swift; path = MyImageCell.swift; sourceTree = "<group>"; };
		CF7F7CA52AF1045C00EED0C7 /* OtherImageCell.swift */ = {isa = PBXFileReference; lastKnownFileType = sourcecode.swift; path = OtherImageCell.swift; sourceTree = "<group>"; };
		CF7F7CA82AF11B1A00EED0C7 /* Date.swift */ = {isa = PBXFileReference; lastKnownFileType = sourcecode.swift; path = Date.swift; sourceTree = "<group>"; };
		CF92D5EF2AECB740003681EB /* AddFriendViewController.swift */ = {isa = PBXFileReference; lastKnownFileType = sourcecode.swift; path = AddFriendViewController.swift; sourceTree = "<group>"; };
		CF92D5F12AECC207003681EB /* AddFriendViewModel.swift */ = {isa = PBXFileReference; lastKnownFileType = sourcecode.swift; path = AddFriendViewModel.swift; sourceTree = "<group>"; };
		CFACC4AE2AEA968900F82081 /* UIViewController.swift */ = {isa = PBXFileReference; lastKnownFileType = sourcecode.swift; path = UIViewController.swift; sourceTree = "<group>"; };
		CFACC4B12AEA98EC00F82081 /* LoadingButton.swift */ = {isa = PBXFileReference; lastKnownFileType = sourcecode.swift; path = LoadingButton.swift; sourceTree = "<group>"; };
		CFACC4B32AEA9FA300F82081 /* APIState.swift */ = {isa = PBXFileReference; lastKnownFileType = sourcecode.swift; path = APIState.swift; sourceTree = "<group>"; };
		CFDE84212AF9208F00137F00 /* ChatType.swift */ = {isa = PBXFileReference; lastKnownFileType = sourcecode.swift; path = ChatType.swift; sourceTree = "<group>"; };
		CFDE84232AF923DF00137F00 /* ChatRoom.swift */ = {isa = PBXFileReference; lastKnownFileType = sourcecode.swift; path = ChatRoom.swift; sourceTree = "<group>"; };
		CFF8B1422AEA46B4003CC800 /* KakaoClone.app */ = {isa = PBXFileReference; explicitFileType = wrapper.application; includeInIndex = 0; path = KakaoClone.app; sourceTree = BUILT_PRODUCTS_DIR; };
		CFF8B1452AEA46B4003CC800 /* AppDelegate.swift */ = {isa = PBXFileReference; lastKnownFileType = sourcecode.swift; path = AppDelegate.swift; sourceTree = "<group>"; };
		CFF8B1472AEA46B4003CC800 /* SceneDelegate.swift */ = {isa = PBXFileReference; lastKnownFileType = sourcecode.swift; path = SceneDelegate.swift; sourceTree = "<group>"; };
		CFF8B14E2AEA46B4003CC800 /* Assets.xcassets */ = {isa = PBXFileReference; lastKnownFileType = folder.assetcatalog; path = Assets.xcassets; sourceTree = "<group>"; };
		CFF8B1512AEA46B4003CC800 /* Base */ = {isa = PBXFileReference; lastKnownFileType = file.storyboard; name = Base; path = Base.lproj/LaunchScreen.storyboard; sourceTree = "<group>"; };
		CFF8B1532AEA46B4003CC800 /* Info.plist */ = {isa = PBXFileReference; lastKnownFileType = text.plist.xml; path = Info.plist; sourceTree = "<group>"; };
		CFF8B15E2AEA4755003CC800 /* LoginViewController.swift */ = {isa = PBXFileReference; lastKnownFileType = sourcecode.swift; path = LoginViewController.swift; sourceTree = "<group>"; };
		CFF8B1622AEA476D003CC800 /* SignUpViewController.swift */ = {isa = PBXFileReference; lastKnownFileType = sourcecode.swift; path = SignUpViewController.swift; sourceTree = "<group>"; };
		CFF8B1652AEA47A9003CC800 /* Constants.swift */ = {isa = PBXFileReference; lastKnownFileType = sourcecode.swift; path = Constants.swift; sourceTree = "<group>"; };
		CFF8B17C2AEA5431003CC800 /* LoginViewModel.swift */ = {isa = PBXFileReference; lastKnownFileType = sourcecode.swift; path = LoginViewModel.swift; sourceTree = "<group>"; };
		CFF8B17F2AEA59DC003CC800 /* Reactive.swift */ = {isa = PBXFileReference; lastKnownFileType = sourcecode.swift; path = Reactive.swift; sourceTree = "<group>"; };
		CFF8B1812AEA5EDF003CC800 /* UnderlineTextField.swift */ = {isa = PBXFileReference; lastKnownFileType = sourcecode.swift; path = UnderlineTextField.swift; sourceTree = "<group>"; };
		CFF8B1832AEA71CC003CC800 /* SignUpViewModel.swift */ = {isa = PBXFileReference; lastKnownFileType = sourcecode.swift; path = SignUpViewModel.swift; sourceTree = "<group>"; };
		CFF8B1852AEA78F9003CC800 /* User.swift */ = {isa = PBXFileReference; lastKnownFileType = sourcecode.swift; path = User.swift; sourceTree = "<group>"; };
		CFF8B1872AEA7DDD003CC800 /* AuthService.swift */ = {isa = PBXFileReference; lastKnownFileType = sourcecode.swift; path = AuthService.swift; sourceTree = "<group>"; };
		CFF8B1892AEA7F4B003CC800 /* APIError.swift */ = {isa = PBXFileReference; lastKnownFileType = sourcecode.swift; path = APIError.swift; sourceTree = "<group>"; };
		CFF8B18B2AEA7FC4003CC800 /* AuthResponse.swift */ = {isa = PBXFileReference; lastKnownFileType = sourcecode.swift; path = AuthResponse.swift; sourceTree = "<group>"; };
/* End PBXFileReference section */

/* Begin PBXFrameworksBuildPhase section */
		CFF8B13F2AEA46B4003CC800 /* Frameworks */ = {
			isa = PBXFrameworksBuildPhase;
			buildActionMask = 2147483647;
			files = (
				B2C3F2D7578F7194552C848E /* Pods_KakaoClone.framework in Frameworks */,
			);
			runOnlyForDeploymentPostprocessing = 0;
		};
/* End PBXFrameworksBuildPhase section */

/* Begin PBXGroup section */
		BE6036A0F26D933AB9205DCD /* Pods */ = {
			isa = PBXGroup;
			children = (
				AD200CCB53EA98BF2A1599D6 /* Pods-KakaoClone.debug.xcconfig */,
				390C0FC0205F5E7DE3A42A4A /* Pods-KakaoClone.release.xcconfig */,
			);
			path = Pods;
			sourceTree = "<group>";
		};
		CF04D1862AED124B00D0F56B /* Resource */ = {
			isa = PBXGroup;
			children = (
				CF04D1872AED125300D0F56B /* ThemeColor.swift */,
				CF04D18A2AED125B00D0F56B /* ThemeFont.swift */,
			);
			path = Resource;
			sourceTree = "<group>";
		};
		CF1848412AEB9A010020F848 /* Auth */ = {
			isa = PBXGroup;
			children = (
				CFF8B15E2AEA4755003CC800 /* LoginViewController.swift */,
				CFF8B1622AEA476D003CC800 /* SignUpViewController.swift */,
			);
			path = Auth;
			sourceTree = "<group>";
		};
		CF1848422AEB9A0D0020F848 /* Auth */ = {
			isa = PBXGroup;
			children = (
				CFF8B17C2AEA5431003CC800 /* LoginViewModel.swift */,
				CFF8B1832AEA71CC003CC800 /* SignUpViewModel.swift */,
			);
			path = Auth;
			sourceTree = "<group>";
		};
		CF18484B2AEBB6A90020F848 /* FriendList */ = {
			isa = PBXGroup;
			children = (
				CF1848432AEBA28E0020F848 /* FriendListViewController.swift */,
				CF1848532AEBBFD70020F848 /* FriendCell.swift */,
				CF92D5EF2AECB740003681EB /* AddFriendViewController.swift */,
				CF04D17E2AED090900D0F56B /* FriendDetailViewController.swift */,
				CF43D20A2AEE5929007C8AC6 /* EditDetailViewController.swift */,
			);
			path = FriendList;
			sourceTree = "<group>";
		};
		CF18484C2AEBB6B10020F848 /* ChatList */ = {
			isa = PBXGroup;
			children = (
				CF1848472AEBA3BF0020F848 /* ChatListViewController.swift */,
			);
			path = ChatList;
			sourceTree = "<group>";
		};
		CF21A9582AF0D4ED009B2C86 /* Frameworks */ = {
			isa = PBXGroup;
			children = (
				9454EADA26FE7BED7ABAE96A /* Pods_KakaoClone.framework */,
			);
			name = Frameworks;
			sourceTree = "<group>";
		};
		CF7F7C9E2AF103C800EED0C7 /* Chat */ = {
			isa = PBXGroup;
			children = (
				CF7F7C982AF0DB2700EED0C7 /* ChatViewController.swift */,
				CF7F7CA72AF1046C00EED0C7 /* Cell */,
				CF45ECD42AF263DF00CE8F7D /* ChatInputField.swift */,
			);
			path = Chat;
			sourceTree = "<group>";
		};
		CF7F7CA72AF1046C00EED0C7 /* Cell */ = {
			isa = PBXGroup;
			children = (
				CF7F7C9F2AF103D800EED0C7 /* MyMessageCell.swift */,
				CF7F7CA12AF1041100EED0C7 /* OtherMessageCell.swift */,
				CF7F7CA32AF1044700EED0C7 /* MyImageCell.swift */,
				CF7F7CA52AF1045C00EED0C7 /* OtherImageCell.swift */,
			);
			path = Cell;
			sourceTree = "<group>";
		};
		CFACC4B02AEA98D600F82081 /* Custom */ = {
			isa = PBXGroup;
			children = (
				CFF8B1812AEA5EDF003CC800 /* UnderlineTextField.swift */,
				CFACC4B12AEA98EC00F82081 /* LoadingButton.swift */,
				CF04D17A2AECC8F800D0F56B /* FriendCard.swift */,
				CF04D1802AED0A0C00D0F56B /* ProfileActionButton.swift */,
				CF04D1822AED0F4000D0F56B /* ProfileView.swift */,
				CF43D2082AEE4DDD007C8AC6 /* UnderlineLabel.swift */,
			);
			path = Custom;
			sourceTree = "<group>";
		};
		CFF8B1392AEA46B3003CC800 = {
			isa = PBXGroup;
			children = (
				CFF8B1442AEA46B4003CC800 /* KakaoClone */,
				CFF8B1432AEA46B4003CC800 /* Products */,
				CF21A9582AF0D4ED009B2C86 /* Frameworks */,
				BE6036A0F26D933AB9205DCD /* Pods */,
			);
			sourceTree = "<group>";
		};
		CFF8B1432AEA46B4003CC800 /* Products */ = {
			isa = PBXGroup;
			children = (
				CFF8B1422AEA46B4003CC800 /* KakaoClone.app */,
			);
			name = Products;
			sourceTree = "<group>";
		};
		CFF8B1442AEA46B4003CC800 /* KakaoClone */ = {
			isa = PBXGroup;
			children = (
				CF04D1862AED124B00D0F56B /* Resource */,
				CFF8B1592AEA46F3003CC800 /* App */,
				CFF8B15C2AEA4702003CC800 /* Model */,
				CFF8B15B2AEA46FF003CC800 /* View */,
				CFF8B15A2AEA46FA003CC800 /* ViewModel */,
				CFF8B15D2AEA470F003CC800 /* Service */,
				CFF8B1642AEA479F003CC800 /* Utils */,
				CFF8B14E2AEA46B4003CC800 /* Assets.xcassets */,
				CFF8B1502AEA46B4003CC800 /* LaunchScreen.storyboard */,
				CFF8B1532AEA46B4003CC800 /* Info.plist */,
			);
			path = KakaoClone;
			sourceTree = "<group>";
		};
		CFF8B1592AEA46F3003CC800 /* App */ = {
			isa = PBXGroup;
			children = (
				CFF8B1452AEA46B4003CC800 /* AppDelegate.swift */,
				CFF8B1472AEA46B4003CC800 /* SceneDelegate.swift */,
			);
			path = App;
			sourceTree = "<group>";
		};
		CFF8B15A2AEA46FA003CC800 /* ViewModel */ = {
			isa = PBXGroup;
			children = (
				CF1848422AEB9A0D0020F848 /* Auth */,
				CF1848492AEBA7D00020F848 /* MainViewModel.swift */,
				CF1848512AEBBA540020F848 /* FriendListViewModel.swift */,
				CF92D5F12AECC207003681EB /* AddFriendViewModel.swift */,
				CF04D18C2AED136F00D0F56B /* FriendDetailViewModel.swift */,
				CF7F7C9C2AF1034700EED0C7 /* ChatViewModel.swift */,
			);
			path = ViewModel;
			sourceTree = "<group>";
		};
		CFF8B15B2AEA46FF003CC800 /* View */ = {
			isa = PBXGroup;
			children = (
				CF1848452AEBA3050020F848 /* MainTabViewController.swift */,
				CF1848412AEB9A010020F848 /* Auth */,
				CFACC4B02AEA98D600F82081 /* Custom */,
				CF18484B2AEBB6A90020F848 /* FriendList */,
				CF18484C2AEBB6B10020F848 /* ChatList */,
				CF7F7C9E2AF103C800EED0C7 /* Chat */,
			);
			path = View;
			sourceTree = "<group>";
		};
		CFF8B15C2AEA4702003CC800 /* Model */ = {
			isa = PBXGroup;
			children = (
				CFACC4B32AEA9FA300F82081 /* APIState.swift */,
				CFF8B1892AEA7F4B003CC800 /* APIError.swift */,
				CFF8B1852AEA78F9003CC800 /* User.swift */,
				CFF8B18B2AEA7FC4003CC800 /* AuthResponse.swift */,
				CF1848552AEBC50C0020F848 /* FriendListSection.swift */,
				CF04D17C2AECDBDF00D0F56B /* FriendsResponse.swift */,
				CF45ECD62AF3479500CE8F7D /* ChatMessage.swift */,
				CF7322932AF64C7300621EFE /* Router.swift */,
				CF7322952AF64C8A00621EFE /* APIType.swift */,
				CFDE84212AF9208F00137F00 /* ChatType.swift */,
				CFDE84232AF923DF00137F00 /* ChatRoom.swift */,
			);
			path = Model;
			sourceTree = "<group>";
		};
		CFF8B15D2AEA470F003CC800 /* Service */ = {
			isa = PBXGroup;
			children = (
				CFF8B1872AEA7DDD003CC800 /* AuthService.swift */,
				CF7322912AF63E4200621EFE /* ChatService.swift */,
				CF159A2D2AF7998B00F687FE /* APIServiceType.swift */,
				CF159A2F2AF79AE900F687FE /* SocketService.swift */,
			);
			path = Service;
			sourceTree = "<group>";
		};
		CFF8B1642AEA479F003CC800 /* Utils */ = {
			isa = PBXGroup;
			children = (
				CFF8B17E2AEA59D0003CC800 /* Extensions */,
				CFF8B1652AEA47A9003CC800 /* Constants.swift */,
			);
			path = Utils;
			sourceTree = "<group>";
		};
		CFF8B17E2AEA59D0003CC800 /* Extensions */ = {
			isa = PBXGroup;
			children = (
				CFF8B17F2AEA59DC003CC800 /* Reactive.swift */,
				CFACC4AE2AEA968900F82081 /* UIViewController.swift */,
				CF04D1842AED123000D0F56B /* UIColor.swift */,
				CF7F7CA82AF11B1A00EED0C7 /* Date.swift */,
				CF159A342AF7CE4800F687FE /* String.swift */,
			);
			path = Extensions;
			sourceTree = "<group>";
		};
/* End PBXGroup section */

/* Begin PBXNativeTarget section */
		CFF8B1412AEA46B4003CC800 /* KakaoClone */ = {
			isa = PBXNativeTarget;
			buildConfigurationList = CFF8B1562AEA46B4003CC800 /* Build configuration list for PBXNativeTarget "KakaoClone" */;
			buildPhases = (
				D855DCA69FC1B308A54983A4 /* [CP] Check Pods Manifest.lock */,
				CFF8B13E2AEA46B4003CC800 /* Sources */,
				CFF8B13F2AEA46B4003CC800 /* Frameworks */,
				CFF8B1402AEA46B4003CC800 /* Resources */,
				68F50B1BE31D92E6D8F29CEB /* [CP] Embed Pods Frameworks */,
			);
			buildRules = (
			);
			dependencies = (
			);
			name = KakaoClone;
			packageProductDependencies = (
			);
			productName = KakaoClone;
			productReference = CFF8B1422AEA46B4003CC800 /* KakaoClone.app */;
			productType = "com.apple.product-type.application";
		};
/* End PBXNativeTarget section */

/* Begin PBXProject section */
		CFF8B13A2AEA46B3003CC800 /* Project object */ = {
			isa = PBXProject;
			attributes = {
				BuildIndependentTargetsInParallel = 1;
				LastSwiftUpdateCheck = 1500;
				LastUpgradeCheck = 1500;
				TargetAttributes = {
					CFF8B1412AEA46B4003CC800 = {
						CreatedOnToolsVersion = 15.0.1;
					};
				};
			};
			buildConfigurationList = CFF8B13D2AEA46B3003CC800 /* Build configuration list for PBXProject "KakaoClone" */;
			compatibilityVersion = "Xcode 14.0";
			developmentRegion = en;
			hasScannedForEncodings = 0;
			knownRegions = (
				en,
				Base,
			);
			mainGroup = CFF8B1392AEA46B3003CC800;
			packageReferences = (
			);
			productRefGroup = CFF8B1432AEA46B4003CC800 /* Products */;
			projectDirPath = "";
			projectRoot = "";
			targets = (
				CFF8B1412AEA46B4003CC800 /* KakaoClone */,
			);
		};
/* End PBXProject section */

/* Begin PBXResourcesBuildPhase section */
		CFF8B1402AEA46B4003CC800 /* Resources */ = {
			isa = PBXResourcesBuildPhase;
			buildActionMask = 2147483647;
			files = (
				CFF8B1522AEA46B4003CC800 /* LaunchScreen.storyboard in Resources */,
				CFF8B14F2AEA46B4003CC800 /* Assets.xcassets in Resources */,
			);
			runOnlyForDeploymentPostprocessing = 0;
		};
/* End PBXResourcesBuildPhase section */

/* Begin PBXShellScriptBuildPhase section */
		68F50B1BE31D92E6D8F29CEB /* [CP] Embed Pods Frameworks */ = {
			isa = PBXShellScriptBuildPhase;
			buildActionMask = 2147483647;
			files = (
			);
			inputFileListPaths = (
				"${PODS_ROOT}/Target Support Files/Pods-KakaoClone/Pods-KakaoClone-frameworks-${CONFIGURATION}-input-files.xcfilelist",
			);
			name = "[CP] Embed Pods Frameworks";
			outputFileListPaths = (
				"${PODS_ROOT}/Target Support Files/Pods-KakaoClone/Pods-KakaoClone-frameworks-${CONFIGURATION}-output-files.xcfilelist",
			);
			runOnlyForDeploymentPostprocessing = 0;
			shellPath = /bin/sh;
			shellScript = "\"${PODS_ROOT}/Target Support Files/Pods-KakaoClone/Pods-KakaoClone-frameworks.sh\"\n";
			showEnvVarsInLog = 0;
		};
		D855DCA69FC1B308A54983A4 /* [CP] Check Pods Manifest.lock */ = {
			isa = PBXShellScriptBuildPhase;
			buildActionMask = 2147483647;
			files = (
			);
			inputFileListPaths = (
			);
			inputPaths = (
				"${PODS_PODFILE_DIR_PATH}/Podfile.lock",
				"${PODS_ROOT}/Manifest.lock",
			);
			name = "[CP] Check Pods Manifest.lock";
			outputFileListPaths = (
			);
			outputPaths = (
				"$(DERIVED_FILE_DIR)/Pods-KakaoClone-checkManifestLockResult.txt",
			);
			runOnlyForDeploymentPostprocessing = 0;
			shellPath = /bin/sh;
			shellScript = "diff \"${PODS_PODFILE_DIR_PATH}/Podfile.lock\" \"${PODS_ROOT}/Manifest.lock\" > /dev/null\nif [ $? != 0 ] ; then\n    # print error to STDERR\n    echo \"error: The sandbox is not in sync with the Podfile.lock. Run 'pod install' or update your CocoaPods installation.\" >&2\n    exit 1\nfi\n# This output is used by Xcode 'outputs' to avoid re-running this script phase.\necho \"SUCCESS\" > \"${SCRIPT_OUTPUT_FILE_0}\"\n";
			showEnvVarsInLog = 0;
		};
/* End PBXShellScriptBuildPhase section */

/* Begin PBXSourcesBuildPhase section */
		CFF8B13E2AEA46B4003CC800 /* Sources */ = {
			isa = PBXSourcesBuildPhase;
			buildActionMask = 2147483647;
			files = (
				CF7F7CA22AF1041100EED0C7 /* OtherMessageCell.swift in Sources */,
				CF7F7CA02AF103D800EED0C7 /* MyMessageCell.swift in Sources */,
				CF04D18B2AED125B00D0F56B /* ThemeFont.swift in Sources */,
				CF1848522AEBBA540020F848 /* FriendListViewModel.swift in Sources */,
				CF7322962AF64C8A00621EFE /* APIType.swift in Sources */,
				CF1848442AEBA28E0020F848 /* FriendListViewController.swift in Sources */,
				CFACC4AF2AEA968900F82081 /* UIViewController.swift in Sources */,
				CF1848482AEBA3BF0020F848 /* ChatListViewController.swift in Sources */,
				CFF8B18C2AEA7FC4003CC800 /* AuthResponse.swift in Sources */,
				CFF8B1662AEA47A9003CC800 /* Constants.swift in Sources */,
				CF04D18D2AED136F00D0F56B /* FriendDetailViewModel.swift in Sources */,
				CFDE84222AF9208F00137F00 /* ChatType.swift in Sources */,
				CF04D17F2AED090900D0F56B /* FriendDetailViewController.swift in Sources */,
				CF43D20B2AEE5929007C8AC6 /* EditDetailViewController.swift in Sources */,
				CF45ECD72AF3479500CE8F7D /* ChatMessage.swift in Sources */,
				CF04D1812AED0A0C00D0F56B /* ProfileActionButton.swift in Sources */,
				CFF8B1842AEA71CC003CC800 /* SignUpViewModel.swift in Sources */,
				CF7F7CA62AF1045C00EED0C7 /* OtherImageCell.swift in Sources */,
				CFACC4B42AEA9FA300F82081 /* APIState.swift in Sources */,
				CFF8B15F2AEA4755003CC800 /* LoginViewController.swift in Sources */,
				CFF8B1822AEA5EDF003CC800 /* UnderlineTextField.swift in Sources */,
				CF7F7CA92AF11B1A00EED0C7 /* Date.swift in Sources */,
				CFF8B17D2AEA5431003CC800 /* LoginViewModel.swift in Sources */,
				CF159A2E2AF7998B00F687FE /* APIServiceType.swift in Sources */,
				CF1848562AEBC50C0020F848 /* FriendListSection.swift in Sources */,
				CF43D2092AEE4DDD007C8AC6 /* UnderlineLabel.swift in Sources */,
				CF92D5F22AECC207003681EB /* AddFriendViewModel.swift in Sources */,
				CF45ECD52AF263DF00CE8F7D /* ChatInputField.swift in Sources */,
				CF04D17B2AECC8F800D0F56B /* FriendCard.swift in Sources */,
				CFF8B18A2AEA7F4B003CC800 /* APIError.swift in Sources */,
				CFF8B1882AEA7DDD003CC800 /* AuthService.swift in Sources */,
				CFDE84242AF923DF00137F00 /* ChatRoom.swift in Sources */,
				CF159A302AF79AE900F687FE /* SocketService.swift in Sources */,
				CFF8B1462AEA46B4003CC800 /* AppDelegate.swift in Sources */,
				CF1848542AEBBFD70020F848 /* FriendCell.swift in Sources */,
				CFF8B1802AEA59DC003CC800 /* Reactive.swift in Sources */,
				CF04D1852AED123000D0F56B /* UIColor.swift in Sources */,
				CF7322942AF64C7300621EFE /* Router.swift in Sources */,
				CFF8B1632AEA476D003CC800 /* SignUpViewController.swift in Sources */,
				CF04D1832AED0F4000D0F56B /* ProfileView.swift in Sources */,
				CF7F7CA42AF1044700EED0C7 /* MyImageCell.swift in Sources */,
				CF18484A2AEBA7D00020F848 /* MainViewModel.swift in Sources */,
				CFACC4B22AEA98EC00F82081 /* LoadingButton.swift in Sources */,
				CF7F7C9D2AF1034700EED0C7 /* ChatViewModel.swift in Sources */,
				CF04D17D2AECDBDF00D0F56B /* FriendsResponse.swift in Sources */,
				CF7322922AF63E4200621EFE /* ChatService.swift in Sources */,
				CFF8B1862AEA78F9003CC800 /* User.swift in Sources */,
				CF92D5F02AECB740003681EB /* AddFriendViewController.swift in Sources */,
				CF7F7C992AF0DB2700EED0C7 /* ChatViewController.swift in Sources */,
				CF04D1882AED125300D0F56B /* ThemeColor.swift in Sources */,
				CF159A352AF7CE4800F687FE /* String.swift in Sources */,
				CFF8B1482AEA46B4003CC800 /* SceneDelegate.swift in Sources */,
				CF1848462AEBA3050020F848 /* MainTabViewController.swift in Sources */,
			);
			runOnlyForDeploymentPostprocessing = 0;
		};
/* End PBXSourcesBuildPhase section */

/* Begin PBXVariantGroup section */
		CFF8B1502AEA46B4003CC800 /* LaunchScreen.storyboard */ = {
			isa = PBXVariantGroup;
			children = (
				CFF8B1512AEA46B4003CC800 /* Base */,
			);
			name = LaunchScreen.storyboard;
			sourceTree = "<group>";
		};
/* End PBXVariantGroup section */

/* Begin XCBuildConfiguration section */
		CFF8B1542AEA46B4003CC800 /* Debug */ = {
			isa = XCBuildConfiguration;
			buildSettings = {
				ALWAYS_SEARCH_USER_PATHS = NO;
				ASSETCATALOG_COMPILER_GENERATE_SWIFT_ASSET_SYMBOL_EXTENSIONS = YES;
				CLANG_ANALYZER_NONNULL = YES;
				CLANG_ANALYZER_NUMBER_OBJECT_CONVERSION = YES_AGGRESSIVE;
				CLANG_CXX_LANGUAGE_STANDARD = "gnu++20";
				CLANG_ENABLE_MODULES = YES;
				CLANG_ENABLE_OBJC_ARC = YES;
				CLANG_ENABLE_OBJC_WEAK = YES;
				CLANG_WARN_BLOCK_CAPTURE_AUTORELEASING = YES;
				CLANG_WARN_BOOL_CONVERSION = YES;
				CLANG_WARN_COMMA = YES;
				CLANG_WARN_CONSTANT_CONVERSION = YES;
				CLANG_WARN_DEPRECATED_OBJC_IMPLEMENTATIONS = YES;
				CLANG_WARN_DIRECT_OBJC_ISA_USAGE = YES_ERROR;
				CLANG_WARN_DOCUMENTATION_COMMENTS = YES;
				CLANG_WARN_EMPTY_BODY = YES;
				CLANG_WARN_ENUM_CONVERSION = YES;
				CLANG_WARN_INFINITE_RECURSION = YES;
				CLANG_WARN_INT_CONVERSION = YES;
				CLANG_WARN_NON_LITERAL_NULL_CONVERSION = YES;
				CLANG_WARN_OBJC_IMPLICIT_RETAIN_SELF = YES;
				CLANG_WARN_OBJC_LITERAL_CONVERSION = YES;
				CLANG_WARN_OBJC_ROOT_CLASS = YES_ERROR;
				CLANG_WARN_QUOTED_INCLUDE_IN_FRAMEWORK_HEADER = YES;
				CLANG_WARN_RANGE_LOOP_ANALYSIS = YES;
				CLANG_WARN_STRICT_PROTOTYPES = YES;
				CLANG_WARN_SUSPICIOUS_MOVE = YES;
				CLANG_WARN_UNGUARDED_AVAILABILITY = YES_AGGRESSIVE;
				CLANG_WARN_UNREACHABLE_CODE = YES;
				CLANG_WARN__DUPLICATE_METHOD_MATCH = YES;
				COPY_PHASE_STRIP = NO;
				DEBUG_INFORMATION_FORMAT = dwarf;
				ENABLE_STRICT_OBJC_MSGSEND = YES;
				ENABLE_TESTABILITY = YES;
				ENABLE_USER_SCRIPT_SANDBOXING = NO;
				GCC_C_LANGUAGE_STANDARD = gnu17;
				GCC_DYNAMIC_NO_PIC = NO;
				GCC_NO_COMMON_BLOCKS = YES;
				GCC_OPTIMIZATION_LEVEL = 0;
				GCC_PREPROCESSOR_DEFINITIONS = (
					"DEBUG=1",
					"$(inherited)",
				);
				GCC_WARN_64_TO_32_BIT_CONVERSION = YES;
				GCC_WARN_ABOUT_RETURN_TYPE = YES_ERROR;
				GCC_WARN_UNDECLARED_SELECTOR = YES;
				GCC_WARN_UNINITIALIZED_AUTOS = YES_AGGRESSIVE;
				GCC_WARN_UNUSED_FUNCTION = YES;
				GCC_WARN_UNUSED_VARIABLE = YES;
				IPHONEOS_DEPLOYMENT_TARGET = 17.0;
				LOCALIZATION_PREFERS_STRING_CATALOGS = YES;
				MTL_ENABLE_DEBUG_INFO = INCLUDE_SOURCE;
				MTL_FAST_MATH = YES;
				ONLY_ACTIVE_ARCH = YES;
				SDKROOT = iphoneos;
				SWIFT_ACTIVE_COMPILATION_CONDITIONS = "DEBUG $(inherited)";
				SWIFT_OPTIMIZATION_LEVEL = "-Onone";
			};
			name = Debug;
		};
		CFF8B1552AEA46B4003CC800 /* Release */ = {
			isa = XCBuildConfiguration;
			buildSettings = {
				ALWAYS_SEARCH_USER_PATHS = NO;
				ASSETCATALOG_COMPILER_GENERATE_SWIFT_ASSET_SYMBOL_EXTENSIONS = YES;
				CLANG_ANALYZER_NONNULL = YES;
				CLANG_ANALYZER_NUMBER_OBJECT_CONVERSION = YES_AGGRESSIVE;
				CLANG_CXX_LANGUAGE_STANDARD = "gnu++20";
				CLANG_ENABLE_MODULES = YES;
				CLANG_ENABLE_OBJC_ARC = YES;
				CLANG_ENABLE_OBJC_WEAK = YES;
				CLANG_WARN_BLOCK_CAPTURE_AUTORELEASING = YES;
				CLANG_WARN_BOOL_CONVERSION = YES;
				CLANG_WARN_COMMA = YES;
				CLANG_WARN_CONSTANT_CONVERSION = YES;
				CLANG_WARN_DEPRECATED_OBJC_IMPLEMENTATIONS = YES;
				CLANG_WARN_DIRECT_OBJC_ISA_USAGE = YES_ERROR;
				CLANG_WARN_DOCUMENTATION_COMMENTS = YES;
				CLANG_WARN_EMPTY_BODY = YES;
				CLANG_WARN_ENUM_CONVERSION = YES;
				CLANG_WARN_INFINITE_RECURSION = YES;
				CLANG_WARN_INT_CONVERSION = YES;
				CLANG_WARN_NON_LITERAL_NULL_CONVERSION = YES;
				CLANG_WARN_OBJC_IMPLICIT_RETAIN_SELF = YES;
				CLANG_WARN_OBJC_LITERAL_CONVERSION = YES;
				CLANG_WARN_OBJC_ROOT_CLASS = YES_ERROR;
				CLANG_WARN_QUOTED_INCLUDE_IN_FRAMEWORK_HEADER = YES;
				CLANG_WARN_RANGE_LOOP_ANALYSIS = YES;
				CLANG_WARN_STRICT_PROTOTYPES = YES;
				CLANG_WARN_SUSPICIOUS_MOVE = YES;
				CLANG_WARN_UNGUARDED_AVAILABILITY = YES_AGGRESSIVE;
				CLANG_WARN_UNREACHABLE_CODE = YES;
				CLANG_WARN__DUPLICATE_METHOD_MATCH = YES;
				COPY_PHASE_STRIP = NO;
				DEBUG_INFORMATION_FORMAT = "dwarf-with-dsym";
				ENABLE_NS_ASSERTIONS = NO;
				ENABLE_STRICT_OBJC_MSGSEND = YES;
				ENABLE_USER_SCRIPT_SANDBOXING = NO;
				GCC_C_LANGUAGE_STANDARD = gnu17;
				GCC_NO_COMMON_BLOCKS = YES;
				GCC_WARN_64_TO_32_BIT_CONVERSION = YES;
				GCC_WARN_ABOUT_RETURN_TYPE = YES_ERROR;
				GCC_WARN_UNDECLARED_SELECTOR = YES;
				GCC_WARN_UNINITIALIZED_AUTOS = YES_AGGRESSIVE;
				GCC_WARN_UNUSED_FUNCTION = YES;
				GCC_WARN_UNUSED_VARIABLE = YES;
				IPHONEOS_DEPLOYMENT_TARGET = 17.0;
				LOCALIZATION_PREFERS_STRING_CATALOGS = YES;
				MTL_ENABLE_DEBUG_INFO = NO;
				MTL_FAST_MATH = YES;
				SDKROOT = iphoneos;
				SWIFT_COMPILATION_MODE = wholemodule;
				VALIDATE_PRODUCT = YES;
			};
			name = Release;
		};
		CFF8B1572AEA46B4003CC800 /* Debug */ = {
			isa = XCBuildConfiguration;
			baseConfigurationReference = AD200CCB53EA98BF2A1599D6 /* Pods-KakaoClone.debug.xcconfig */;
			buildSettings = {
				ASSETCATALOG_COMPILER_APPICON_NAME = AppIcon;
				ASSETCATALOG_COMPILER_GLOBAL_ACCENT_COLOR_NAME = AccentColor;
				CODE_SIGN_STYLE = Automatic;
				CURRENT_PROJECT_VERSION = 1;
				DEVELOPMENT_TEAM = EX6G2VC9J8;
				GENERATE_INFOPLIST_FILE = YES;
				INFOPLIST_FILE = KakaoClone/Info.plist;
				INFOPLIST_KEY_UIApplicationSupportsIndirectInputEvents = YES;
				INFOPLIST_KEY_UILaunchStoryboardName = LaunchScreen;
				INFOPLIST_KEY_UISupportedInterfaceOrientations = UIInterfaceOrientationPortrait;
				IPHONEOS_DEPLOYMENT_TARGET = 15.0;
				LD_RUNPATH_SEARCH_PATHS = (
					"$(inherited)",
					"@executable_path/Frameworks",
				);
				MARKETING_VERSION = 1.0;
				PRODUCT_BUNDLE_IDENTIFIER = com.dldmswo1209.KakaoClone;
				PRODUCT_NAME = "$(TARGET_NAME)";
				SUPPORTED_PLATFORMS = "iphoneos iphonesimulator";
				SUPPORTS_MACCATALYST = NO;
				SUPPORTS_MAC_DESIGNED_FOR_IPHONE_IPAD = NO;
				SWIFT_EMIT_LOC_STRINGS = YES;
				SWIFT_VERSION = 5.0;
				TARGETED_DEVICE_FAMILY = "1,2";
			};
			name = Debug;
		};
		CFF8B1582AEA46B4003CC800 /* Release */ = {
			isa = XCBuildConfiguration;
			baseConfigurationReference = 390C0FC0205F5E7DE3A42A4A /* Pods-KakaoClone.release.xcconfig */;
			buildSettings = {
				ASSETCATALOG_COMPILER_APPICON_NAME = AppIcon;
				ASSETCATALOG_COMPILER_GLOBAL_ACCENT_COLOR_NAME = AccentColor;
				CODE_SIGN_STYLE = Automatic;
				CURRENT_PROJECT_VERSION = 1;
				DEVELOPMENT_TEAM = EX6G2VC9J8;
				GENERATE_INFOPLIST_FILE = YES;
				INFOPLIST_FILE = KakaoClone/Info.plist;
				INFOPLIST_KEY_UIApplicationSupportsIndirectInputEvents = YES;
				INFOPLIST_KEY_UILaunchStoryboardName = LaunchScreen;
				INFOPLIST_KEY_UISupportedInterfaceOrientations = UIInterfaceOrientationPortrait;
				IPHONEOS_DEPLOYMENT_TARGET = 15.0;
				LD_RUNPATH_SEARCH_PATHS = (
					"$(inherited)",
					"@executable_path/Frameworks",
				);
				MARKETING_VERSION = 1.0;
				PRODUCT_BUNDLE_IDENTIFIER = com.dldmswo1209.KakaoClone;
				PRODUCT_NAME = "$(TARGET_NAME)";
				SUPPORTED_PLATFORMS = "iphoneos iphonesimulator";
				SUPPORTS_MACCATALYST = NO;
				SUPPORTS_MAC_DESIGNED_FOR_IPHONE_IPAD = NO;
				SWIFT_EMIT_LOC_STRINGS = YES;
				SWIFT_VERSION = 5.0;
				TARGETED_DEVICE_FAMILY = "1,2";
			};
			name = Release;
		};
/* End XCBuildConfiguration section */

/* Begin XCConfigurationList section */
		CFF8B13D2AEA46B3003CC800 /* Build configuration list for PBXProject "KakaoClone" */ = {
			isa = XCConfigurationList;
			buildConfigurations = (
				CFF8B1542AEA46B4003CC800 /* Debug */,
				CFF8B1552AEA46B4003CC800 /* Release */,
			);
			defaultConfigurationIsVisible = 0;
			defaultConfigurationName = Release;
		};
		CFF8B1562AEA46B4003CC800 /* Build configuration list for PBXNativeTarget "KakaoClone" */ = {
			isa = XCConfigurationList;
			buildConfigurations = (
				CFF8B1572AEA46B4003CC800 /* Debug */,
				CFF8B1582AEA46B4003CC800 /* Release */,
			);
			defaultConfigurationIsVisible = 0;
			defaultConfigurationName = Release;
		};
/* End XCConfigurationList section */
	};
	rootObject = CFF8B13A2AEA46B3003CC800 /* Project object */;
}
